// !$*UTF8*$!
{
	archiveVersion = 1;
	classes = {
	};
	objectVersion = 52;
	objects = {

/* Begin PBXBuildFile section */
		080C667D258D224100787563 /* nefelibataApp.swift in Sources */ = {isa = PBXBuildFile; fileRef = 080C667C258D224100787563 /* nefelibataApp.swift */; };
		080C667F258D224100787563 /* ContentView.swift in Sources */ = {isa = PBXBuildFile; fileRef = 080C667E258D224100787563 /* ContentView.swift */; };
		080C6681258D224200787563 /* Assets.xcassets in Resources */ = {isa = PBXBuildFile; fileRef = 080C6680258D224200787563 /* Assets.xcassets */; };
		080C6684258D224200787563 /* Preview Assets.xcassets in Resources */ = {isa = PBXBuildFile; fileRef = 080C6683258D224200787563 /* Preview Assets.xcassets */; };
		0819EDDA25B936F0000BBC33 /* GridView.swift in Sources */ = {isa = PBXBuildFile; fileRef = 0819EDD925B936F0000BBC33 /* GridView.swift */; };
		0819EDDD25B93AFC000BBC33 /* GridLayout.swift in Sources */ = {isa = PBXBuildFile; fileRef = 0819EDDC25B93AFC000BBC33 /* GridLayout.swift */; };
		084B6B7D258E039A000138A6 /* WelcomeView.swift in Sources */ = {isa = PBXBuildFile; fileRef = 084B6B7C258E039A000138A6 /* WelcomeView.swift */; };
		08648AAF25BD335400C94972 /* DrawerLayout.swift in Sources */ = {isa = PBXBuildFile; fileRef = 08648AAE25BD335400C94972 /* DrawerLayout.swift */; };
		08648AB325BD488E00C94972 /* SDWebImageSwiftUI in Frameworks */ = {isa = PBXBuildFile; productRef = 08648AB225BD488E00C94972 /* SDWebImageSwiftUI */; };
		08648ABB25BD4BF100C94972 /* Message.swift in Sources */ = {isa = PBXBuildFile; fileRef = 08648ABA25BD4BF100C94972 /* Message.swift */; };
		08648ABF25BD4CCC00C94972 /* MessageView.swift in Sources */ = {isa = PBXBuildFile; fileRef = 08648ABE25BD4CCC00C94972 /* MessageView.swift */; };
		08648AC225BD4D7300C94972 /* MessageMemory.swift in Sources */ = {isa = PBXBuildFile; fileRef = 08648AC125BD4D7300C94972 /* MessageMemory.swift */; };
		0869675B2594C71A0097E833 /* SmallBackgroundView.swift in Sources */ = {isa = PBXBuildFile; fileRef = 0869675A2594C71A0097E833 /* SmallBackgroundView.swift */; };
		0869675E2594C93A0097E833 /* SmallView.swift in Sources */ = {isa = PBXBuildFile; fileRef = 0869675D2594C93A0097E833 /* SmallView.swift */; };
		088402FC25B7D67E00F04241 /* EmojiGameView.swift in Sources */ = {isa = PBXBuildFile; fileRef = 088402FB25B7D67E00F04241 /* EmojiGameView.swift */; };
		0884030425B7DE6B00F04241 /* EmojiMemoryGame.swift in Sources */ = {isa = PBXBuildFile; fileRef = 0884030325B7DE6B00F04241 /* EmojiMemoryGame.swift */; };
		0884030925B7E27F00F04241 /* MemoryGame.swift in Sources */ = {isa = PBXBuildFile; fileRef = 0884030825B7E27F00F04241 /* MemoryGame.swift */; };
		089F3A2825B9592C0039C8C6 /* Array+Identifiable.swift in Sources */ = {isa = PBXBuildFile; fileRef = 089F3A2725B9592C0039C8C6 /* Array+Identifiable.swift */; };
		089F3A2B25B988490039C8C6 /* Array+Only.swift in Sources */ = {isa = PBXBuildFile; fileRef = 089F3A2A25B988490039C8C6 /* Array+Only.swift */; };
/* End PBXBuildFile section */

/* Begin PBXFileReference section */
		080C6679258D224100787563 /* nefelibata.app */ = {isa = PBXFileReference; explicitFileType = wrapper.application; includeInIndex = 0; path = nefelibata.app; sourceTree = BUILT_PRODUCTS_DIR; };
		080C667C258D224100787563 /* nefelibataApp.swift */ = {isa = PBXFileReference; lastKnownFileType = sourcecode.swift; path = nefelibataApp.swift; sourceTree = "<group>"; };
		080C667E258D224100787563 /* ContentView.swift */ = {isa = PBXFileReference; lastKnownFileType = sourcecode.swift; path = ContentView.swift; sourceTree = "<group>"; };
		080C6680258D224200787563 /* Assets.xcassets */ = {isa = PBXFileReference; lastKnownFileType = folder.assetcatalog; path = Assets.xcassets; sourceTree = "<group>"; };
		080C6683258D224200787563 /* Preview Assets.xcassets */ = {isa = PBXFileReference; lastKnownFileType = folder.assetcatalog; path = "Preview Assets.xcassets"; sourceTree = "<group>"; };
		080C6685258D224200787563 /* Info.plist */ = {isa = PBXFileReference; lastKnownFileType = text.plist.xml; path = Info.plist; sourceTree = "<group>"; };
		0819EDD925B936F0000BBC33 /* GridView.swift */ = {isa = PBXFileReference; lastKnownFileType = sourcecode.swift; path = GridView.swift; sourceTree = "<group>"; };
		0819EDDC25B93AFC000BBC33 /* GridLayout.swift */ = {isa = PBXFileReference; lastKnownFileType = sourcecode.swift; path = GridLayout.swift; sourceTree = "<group>"; };
		084B6B7C258E039A000138A6 /* WelcomeView.swift */ = {isa = PBXFileReference; lastKnownFileType = sourcecode.swift; path = WelcomeView.swift; sourceTree = "<group>"; };
		08648AAE25BD335400C94972 /* DrawerLayout.swift */ = {isa = PBXFileReference; lastKnownFileType = sourcecode.swift; path = DrawerLayout.swift; sourceTree = "<group>"; };
		08648ABA25BD4BF100C94972 /* Message.swift */ = {isa = PBXFileReference; lastKnownFileType = sourcecode.swift; path = Message.swift; sourceTree = "<group>"; };
		08648ABE25BD4CCC00C94972 /* MessageView.swift */ = {isa = PBXFileReference; lastKnownFileType = sourcecode.swift; path = MessageView.swift; sourceTree = "<group>"; };
		08648AC125BD4D7300C94972 /* MessageMemory.swift */ = {isa = PBXFileReference; lastKnownFileType = sourcecode.swift; path = MessageMemory.swift; sourceTree = "<group>"; };
		0869675A2594C71A0097E833 /* SmallBackgroundView.swift */ = {isa = PBXFileReference; lastKnownFileType = sourcecode.swift; path = SmallBackgroundView.swift; sourceTree = "<group>"; };
		0869675D2594C93A0097E833 /* SmallView.swift */ = {isa = PBXFileReference; lastKnownFileType = sourcecode.swift; path = SmallView.swift; sourceTree = "<group>"; };
		088402FB25B7D67E00F04241 /* EmojiGameView.swift */ = {isa = PBXFileReference; lastKnownFileType = sourcecode.swift; path = EmojiGameView.swift; sourceTree = "<group>"; };
		0884030325B7DE6B00F04241 /* EmojiMemoryGame.swift */ = {isa = PBXFileReference; lastKnownFileType = sourcecode.swift; path = EmojiMemoryGame.swift; sourceTree = "<group>"; };
		0884030825B7E27F00F04241 /* MemoryGame.swift */ = {isa = PBXFileReference; lastKnownFileType = sourcecode.swift; path = MemoryGame.swift; sourceTree = "<group>"; };
		089F3A2725B9592C0039C8C6 /* Array+Identifiable.swift */ = {isa = PBXFileReference; lastKnownFileType = sourcecode.swift; path = "Array+Identifiable.swift"; sourceTree = "<group>"; };
		089F3A2A25B988490039C8C6 /* Array+Only.swift */ = {isa = PBXFileReference; lastKnownFileType = sourcecode.swift; path = "Array+Only.swift"; sourceTree = "<group>"; };
/* End PBXFileReference section */

/* Begin PBXFrameworksBuildPhase section */
		080C6676258D224100787563 /* Frameworks */ = {
			isa = PBXFrameworksBuildPhase;
			buildActionMask = 2147483647;
			files = (
				08648AB325BD488E00C94972 /* SDWebImageSwiftUI in Frameworks */,
			);
			runOnlyForDeploymentPostprocessing = 0;
		};
/* End PBXFrameworksBuildPhase section */

/* Begin PBXGroup section */
		080C6670258D224100787563 = {
			isa = PBXGroup;
			children = (
				080C667B258D224100787563 /* nefelibata */,
				080C667A258D224100787563 /* Products */,
			);
			sourceTree = "<group>";
		};
		080C667A258D224100787563 /* Products */ = {
			isa = PBXGroup;
			children = (
				080C6679258D224100787563 /* nefelibata.app */,
			);
			name = Products;
			sourceTree = "<group>";
		};
		080C667B258D224100787563 /* nefelibata */ = {
			isa = PBXGroup;
			children = (
				08648AB825BD4AF900C94972 /* Util */,
				08648AB525BD4A4000C94972 /* Model */,
				08648AB725BD4A7300C94972 /* View */,
				08648AB625BD4A6100C94972 /* ViewModel */,
				080C667C258D224100787563 /* nefelibataApp.swift */,
				080C667E258D224100787563 /* ContentView.swift */,
				080C6680258D224200787563 /* Assets.xcassets */,
				080C6685258D224200787563 /* Info.plist */,
				080C6682258D224200787563 /* Preview Content */,
			);
			path = nefelibata;
			sourceTree = "<group>";
		};
		080C6682258D224200787563 /* Preview Content */ = {
			isa = PBXGroup;
			children = (
				080C6683258D224200787563 /* Preview Assets.xcassets */,
			);
			path = "Preview Content";
			sourceTree = "<group>";
		};
		08648AB525BD4A4000C94972 /* Model */ = {
			isa = PBXGroup;
			children = (
				0884030825B7E27F00F04241 /* MemoryGame.swift */,
				08648ABA25BD4BF100C94972 /* Message.swift */,
			);
			path = Model;
			sourceTree = "<group>";
		};
		08648AB625BD4A6100C94972 /* ViewModel */ = {
			isa = PBXGroup;
			children = (
				0884030325B7DE6B00F04241 /* EmojiMemoryGame.swift */,
				08648AC125BD4D7300C94972 /* MessageMemory.swift */,
			);
			path = ViewModel;
			sourceTree = "<group>";
		};
		08648AB725BD4A7300C94972 /* View */ = {
			isa = PBXGroup;
			children = (
				088402FB25B7D67E00F04241 /* EmojiGameView.swift */,
				0869675D2594C93A0097E833 /* SmallView.swift */,
				0869675A2594C71A0097E833 /* SmallBackgroundView.swift */,
				084B6B7C258E039A000138A6 /* WelcomeView.swift */,
				0819EDD925B936F0000BBC33 /* GridView.swift */,
				08648AAE25BD335400C94972 /* DrawerLayout.swift */,
				08648ABE25BD4CCC00C94972 /* MessageView.swift */,
			);
			path = View;
			sourceTree = "<group>";
		};
		08648AB825BD4AF900C94972 /* Util */ = {
			isa = PBXGroup;
			children = (
				089F3A2A25B988490039C8C6 /* Array+Only.swift */,
				089F3A2725B9592C0039C8C6 /* Array+Identifiable.swift */,
				0819EDDC25B93AFC000BBC33 /* GridLayout.swift */,
			);
			path = Util;
			sourceTree = "<group>";
		};
/* End PBXGroup section */

/* Begin PBXNativeTarget section */
		080C6678258D224100787563 /* nefelibata */ = {
			isa = PBXNativeTarget;
			buildConfigurationList = 080C6688258D224200787563 /* Build configuration list for PBXNativeTarget "nefelibata" */;
			buildPhases = (
				080C6675258D224100787563 /* Sources */,
				080C6676258D224100787563 /* Frameworks */,
				080C6677258D224100787563 /* Resources */,
			);
			buildRules = (
			);
			dependencies = (
			);
			name = nefelibata;
			packageProductDependencies = (
				08648AB225BD488E00C94972 /* SDWebImageSwiftUI */,
			);
			productName = nefelibata;
			productReference = 080C6679258D224100787563 /* nefelibata.app */;
			productType = "com.apple.product-type.application";
		};
/* End PBXNativeTarget section */

/* Begin PBXProject section */
		080C6671258D224100787563 /* Project object */ = {
			isa = PBXProject;
			attributes = {
				LastSwiftUpdateCheck = 1220;
				LastUpgradeCheck = 1220;
				TargetAttributes = {
					080C6678258D224100787563 = {
						CreatedOnToolsVersion = 12.2;
					};
				};
			};
			buildConfigurationList = 080C6674258D224100787563 /* Build configuration list for PBXProject "nefelibata" */;
			compatibilityVersion = "Xcode 9.3";
			developmentRegion = en;
			hasScannedForEncodings = 0;
			knownRegions = (
				en,
				Base,
			);
			mainGroup = 080C6670258D224100787563;
			packageReferences = (
				08648AB125BD488E00C94972 /* XCRemoteSwiftPackageReference "SDWebImageSwiftUI" */,
			);
			productRefGroup = 080C667A258D224100787563 /* Products */;
			projectDirPath = "";
			projectRoot = "";
			targets = (
				080C6678258D224100787563 /* nefelibata */,
			);
		};
/* End PBXProject section */

/* Begin PBXResourcesBuildPhase section */
		080C6677258D224100787563 /* Resources */ = {
			isa = PBXResourcesBuildPhase;
			buildActionMask = 2147483647;
			files = (
				080C6684258D224200787563 /* Preview Assets.xcassets in Resources */,
				080C6681258D224200787563 /* Assets.xcassets in Resources */,
			);
			runOnlyForDeploymentPostprocessing = 0;
		};
/* End PBXResourcesBuildPhase section */

/* Begin PBXSourcesBuildPhase section */
		080C6675258D224100787563 /* Sources */ = {
			isa = PBXSourcesBuildPhase;
			buildActionMask = 2147483647;
			files = (
				088402FC25B7D67E00F04241 /* EmojiGameView.swift in Sources */,
				0869675B2594C71A0097E833 /* SmallBackgroundView.swift in Sources */,
				0884030925B7E27F00F04241 /* MemoryGame.swift in Sources */,
				089F3A2B25B988490039C8C6 /* Array+Only.swift in Sources */,
				0869675E2594C93A0097E833 /* SmallView.swift in Sources */,
				080C667F258D224100787563 /* ContentView.swift in Sources */,
				084B6B7D258E039A000138A6 /* WelcomeView.swift in Sources */,
				080C667D258D224100787563 /* nefelibataApp.swift in Sources */,
				089F3A2825B9592C0039C8C6 /* Array+Identifiable.swift in Sources */,
				08648ABF25BD4CCC00C94972 /* MessageView.swift in Sources */,
				08648AAF25BD335400C94972 /* DrawerLayout.swift in Sources */,
				0819EDDD25B93AFC000BBC33 /* GridLayout.swift in Sources */,
				08648AC225BD4D7300C94972 /* MessageMemory.swift in Sources */,
				0819EDDA25B936F0000BBC33 /* GridView.swift in Sources */,
				0884030425B7DE6B00F04241 /* EmojiMemoryGame.swift in Sources */,
				08648ABB25BD4BF100C94972 /* Message.swift in Sources */,
			);
			runOnlyForDeploymentPostprocessing = 0;
		};
/* End PBXSourcesBuildPhase section */

/* Begin XCBuildConfiguration section */
		080C6686258D224200787563 /* Debug */ = {
			isa = XCBuildConfiguration;
			buildSettings = {
				ALWAYS_SEARCH_USER_PATHS = NO;
				CLANG_ANALYZER_NONNULL = YES;
				CLANG_ANALYZER_NUMBER_OBJECT_CONVERSION = YES_AGGRESSIVE;
				CLANG_CXX_LANGUAGE_STANDARD = "gnu++14";
				CLANG_CXX_LIBRARY = "libc++";
				CLANG_ENABLE_MODULES = YES;
				CLANG_ENABLE_OBJC_ARC = YES;
				CLANG_ENABLE_OBJC_WEAK = YES;
				CLANG_WARN_BLOCK_CAPTURE_AUTORELEASING = YES;
				CLANG_WARN_BOOL_CONVERSION = YES;
				CLANG_WARN_COMMA = YES;
				CLANG_WARN_CONSTANT_CONVERSION = YES;
				CLANG_WARN_DEPRECATED_OBJC_IMPLEMENTATIONS = YES;
				CLANG_WARN_DIRECT_OBJC_ISA_USAGE = YES_ERROR;
				CLANG_WARN_DOCUMENTATION_COMMENTS = YES;
				CLANG_WARN_EMPTY_BODY = YES;
				CLANG_WARN_ENUM_CONVERSION = YES;
				CLANG_WARN_INFINITE_RECURSION = YES;
				CLANG_WARN_INT_CONVERSION = YES;
				CLANG_WARN_NON_LITERAL_NULL_CONVERSION = YES;
				CLANG_WARN_OBJC_IMPLICIT_RETAIN_SELF = YES;
				CLANG_WARN_OBJC_LITERAL_CONVERSION = YES;
				CLANG_WARN_OBJC_ROOT_CLASS = YES_ERROR;
				CLANG_WARN_QUOTED_INCLUDE_IN_FRAMEWORK_HEADER = YES;
				CLANG_WARN_RANGE_LOOP_ANALYSIS = YES;
				CLANG_WARN_STRICT_PROTOTYPES = YES;
				CLANG_WARN_SUSPICIOUS_MOVE = YES;
				CLANG_WARN_UNGUARDED_AVAILABILITY = YES_AGGRESSIVE;
				CLANG_WARN_UNREACHABLE_CODE = YES;
				CLANG_WARN__DUPLICATE_METHOD_MATCH = YES;
				COPY_PHASE_STRIP = NO;
				DEBUG_INFORMATION_FORMAT = dwarf;
				ENABLE_STRICT_OBJC_MSGSEND = YES;
				ENABLE_TESTABILITY = YES;
				GCC_C_LANGUAGE_STANDARD = gnu11;
				GCC_DYNAMIC_NO_PIC = NO;
				GCC_NO_COMMON_BLOCKS = YES;
				GCC_OPTIMIZATION_LEVEL = 0;
				GCC_PREPROCESSOR_DEFINITIONS = (
					"DEBUG=1",
					"$(inherited)",
				);
				GCC_WARN_64_TO_32_BIT_CONVERSION = YES;
				GCC_WARN_ABOUT_RETURN_TYPE = YES_ERROR;
				GCC_WARN_UNDECLARED_SELECTOR = YES;
				GCC_WARN_UNINITIALIZED_AUTOS = YES_AGGRESSIVE;
				GCC_WARN_UNUSED_FUNCTION = YES;
				GCC_WARN_UNUSED_VARIABLE = YES;
				IPHONEOS_DEPLOYMENT_TARGET = 14.2;
				MTL_ENABLE_DEBUG_INFO = INCLUDE_SOURCE;
				MTL_FAST_MATH = YES;
				ONLY_ACTIVE_ARCH = YES;
				SDKROOT = iphoneos;
				SWIFT_ACTIVE_COMPILATION_CONDITIONS = DEBUG;
				SWIFT_OPTIMIZATION_LEVEL = "-Onone";
			};
			name = Debug;
		};
		080C6687258D224200787563 /* Release */ = {
			isa = XCBuildConfiguration;
			buildSettings = {
				ALWAYS_SEARCH_USER_PATHS = NO;
				CLANG_ANALYZER_NONNULL = YES;
				CLANG_ANALYZER_NUMBER_OBJECT_CONVERSION = YES_AGGRESSIVE;
				CLANG_CXX_LANGUAGE_STANDARD = "gnu++14";
				CLANG_CXX_LIBRARY = "libc++";
				CLANG_ENABLE_MODULES = YES;
				CLANG_ENABLE_OBJC_ARC = YES;
				CLANG_ENABLE_OBJC_WEAK = YES;
				CLANG_WARN_BLOCK_CAPTURE_AUTORELEASING = YES;
				CLANG_WARN_BOOL_CONVERSION = YES;
				CLANG_WARN_COMMA = YES;
				CLANG_WARN_CONSTANT_CONVERSION = YES;
				CLANG_WARN_DEPRECATED_OBJC_IMPLEMENTATIONS = YES;
				CLANG_WARN_DIRECT_OBJC_ISA_USAGE = YES_ERROR;
				CLANG_WARN_DOCUMENTATION_COMMENTS = YES;
				CLANG_WARN_EMPTY_BODY = YES;
				CLANG_WARN_ENUM_CONVERSION = YES;
				CLANG_WARN_INFINITE_RECURSION = YES;
				CLANG_WARN_INT_CONVERSION = YES;
				CLANG_WARN_NON_LITERAL_NULL_CONVERSION = YES;
				CLANG_WARN_OBJC_IMPLICIT_RETAIN_SELF = YES;
				CLANG_WARN_OBJC_LITERAL_CONVERSION = YES;
				CLANG_WARN_OBJC_ROOT_CLASS = YES_ERROR;
				CLANG_WARN_QUOTED_INCLUDE_IN_FRAMEWORK_HEADER = YES;
				CLANG_WARN_RANGE_LOOP_ANALYSIS = YES;
				CLANG_WARN_STRICT_PROTOTYPES = YES;
				CLANG_WARN_SUSPICIOUS_MOVE = YES;
				CLANG_WARN_UNGUARDED_AVAILABILITY = YES_AGGRESSIVE;
				CLANG_WARN_UNREACHABLE_CODE = YES;
				CLANG_WARN__DUPLICATE_METHOD_MATCH = YES;
				COPY_PHASE_STRIP = NO;
				DEBUG_INFORMATION_FORMAT = "dwarf-with-dsym";
				ENABLE_NS_ASSERTIONS = NO;
				ENABLE_STRICT_OBJC_MSGSEND = YES;
				GCC_C_LANGUAGE_STANDARD = gnu11;
				GCC_NO_COMMON_BLOCKS = YES;
				GCC_WARN_64_TO_32_BIT_CONVERSION = YES;
				GCC_WARN_ABOUT_RETURN_TYPE = YES_ERROR;
				GCC_WARN_UNDECLARED_SELECTOR = YES;
				GCC_WARN_UNINITIALIZED_AUTOS = YES_AGGRESSIVE;
				GCC_WARN_UNUSED_FUNCTION = YES;
				GCC_WARN_UNUSED_VARIABLE = YES;
				IPHONEOS_DEPLOYMENT_TARGET = 14.2;
				MTL_ENABLE_DEBUG_INFO = NO;
				MTL_FAST_MATH = YES;
				SDKROOT = iphoneos;
				SWIFT_COMPILATION_MODE = wholemodule;
				SWIFT_OPTIMIZATION_LEVEL = "-O";
				VALIDATE_PRODUCT = YES;
			};
			name = Release;
		};
		080C6689258D224200787563 /* Debug */ = {
			isa = XCBuildConfiguration;
			buildSettings = {
				ASSETCATALOG_COMPILER_APPICON_NAME = AppIcon;
				ASSETCATALOG_COMPILER_GLOBAL_ACCENT_COLOR_NAME = AccentColor;
				CODE_SIGN_STYLE = Automatic;
				DEVELOPMENT_ASSET_PATHS = "\"nefelibata/Preview Content\"";
				ENABLE_PREVIEWS = YES;
				INFOPLIST_FILE = nefelibata/Info.plist;
				IPHONEOS_DEPLOYMENT_TARGET = 14.0;
				LD_RUNPATH_SEARCH_PATHS = (
					"$(inherited)",
					"@executable_path/Frameworks",
				);
				PRODUCT_BUNDLE_IDENTIFIER = com.chase.nefelibata;
				PRODUCT_NAME = "$(TARGET_NAME)";
				SWIFT_VERSION = 5.0;
				TARGETED_DEVICE_FAMILY = "1,2";
			};
			name = Debug;
		};
		080C668A258D224200787563 /* Release */ = {
			isa = XCBuildConfiguration;
			buildSettings = {
				ASSETCATALOG_COMPILER_APPICON_NAME = AppIcon;
				ASSETCATALOG_COMPILER_GLOBAL_ACCENT_COLOR_NAME = AccentColor;
				CODE_SIGN_STYLE = Automatic;
				DEVELOPMENT_ASSET_PATHS = "\"nefelibata/Preview Content\"";
				ENABLE_PREVIEWS = YES;
				INFOPLIST_FILE = nefelibata/Info.plist;
				IPHONEOS_DEPLOYMENT_TARGET = 14.0;
				LD_RUNPATH_SEARCH_PATHS = (
					"$(inherited)",
					"@executable_path/Frameworks",
				);
				PRODUCT_BUNDLE_IDENTIFIER = com.chase.nefelibata;
				PRODUCT_NAME = "$(TARGET_NAME)";
				SWIFT_VERSION = 5.0;
				TARGETED_DEVICE_FAMILY = "1,2";
			};
			name = Release;
		};
/* End XCBuildConfiguration section */

/* Begin XCConfigurationList section */
		080C6674258D224100787563 /* Build configuration list for PBXProject "nefelibata" */ = {
			isa = XCConfigurationList;
			buildConfigurations = (
				080C6686258D224200787563 /* Debug */,
				080C6687258D224200787563 /* Release */,
			);
			defaultConfigurationIsVisible = 0;
			defaultConfigurationName = Release;
		};
		080C6688258D224200787563 /* Build configuration list for PBXNativeTarget "nefelibata" */ = {
			isa = XCConfigurationList;
			buildConfigurations = (
				080C6689258D224200787563 /* Debug */,
				080C668A258D224200787563 /* Release */,
			);
			defaultConfigurationIsVisible = 0;
			defaultConfigurationName = Release;
		};
/* End XCConfigurationList section */

/* Begin XCRemoteSwiftPackageReference section */
		08648AB125BD488E00C94972 /* XCRemoteSwiftPackageReference "SDWebImageSwiftUI" */ = {
			isa = XCRemoteSwiftPackageReference;
			repositoryURL = "https://github.com/SDWebImage/SDWebImageSwiftUI.git";
			requirement = {
				kind = upToNextMajorVersion;
				minimumVersion = 1.5.0;
			};
		};
/* End XCRemoteSwiftPackageReference section */

/* Begin XCSwiftPackageProductDependency section */
		08648AB225BD488E00C94972 /* SDWebImageSwiftUI */ = {
			isa = XCSwiftPackageProductDependency;
			package = 08648AB125BD488E00C94972 /* XCRemoteSwiftPackageReference "SDWebImageSwiftUI" */;
			productName = SDWebImageSwiftUI;
		};
/* End XCSwiftPackageProductDependency section */
	};
	rootObject = 080C6671258D224100787563 /* Project object */;
}
